
Microsoft Visual Studio Solution File, Format Version 12.00
# Visual Studio 15
Project("{FAE04EC0-301F-11D3-BF4B-00C04F79EFBC}") = "Laboratorio6", "Laboratorio6.csproj", "{AAD580F8-A486-41FD-A5BB-79D4BAB058E7}"
EndProject
Global
	GlobalSection(SolutionConfigurationPlatforms) = preSolution
		Debug|anycpu = Debug|anycpu
		Release|anycpu = Release|anycpu
	EndGlobalSection
	GlobalSection(ProjectConfigurationPlatforms) = postSolution
		{AAD580F8-A486-41FD-A5BB-79D4BAB058E7}.Debug|anycpu.ActiveCfg = Debug|anycpu
		{AAD580F8-A486-41FD-A5BB-79D4BAB058E7}.Debug|anycpu.Build.0 = Debug|anycpu
		{AAD580F8-A486-41FD-A5BB-79D4BAB058E7}.Release|anycpu.ActiveCfg = Release|anycpu
		{AAD580F8-A486-41FD-A5BB-79D4BAB058E7}.Release|anycpu.Build.0 = Release|anycpu
	EndGlobalSection
EndGlobal
